Microsoft Visual Studio Solution File, Format Version 12.00
# Visual Studio 15
VisualStudioVersion = 15.0.26730.16
MinimumVisualStudioVersion = 10.0.40219.1
Project("{FAE04EC0-301F-11D3-BF4B-00C04F79EFBC}") = "SwitchButtonDemo", "SwitchButtonDemo.csproj", "{DEB77CA3-5C38-489C-A225-F61B0916E1D9}"
EndProject
Project("{FAE04EC0-301F-11D3-BF4B-00C04F79EFBC}") = "SwitchButton", "..\SwitchButtonLib\SwitchButton.csproj", "{123C9B7A-1ED3-4E01-80F0-96C14807D391}"
EndProject
Global
	GlobalSection(SolutionConfigurationPlatforms) = preSolution
		Debug|Any CPU = Debug|Any CPU
		Release|Any CPU = Release|Any CPU
	EndGlobalSection
	GlobalSection(ProjectConfigurationPlatforms) = postSolution
		{DEB77CA3-5C38-489C-A225-F61B0916E1D9}.Debug|Any CPU.ActiveCfg = Debug|Any CPU
		{DEB77CA3-5C38-489C-A225-F61B0916E1D9}.Debug|Any CPU.Build.0 = Debug|Any CPU
		{DEB77CA3-5C38-489C-A225-F61B0916E1D9}.Debug|Any CPU.Deploy.0 = Debug|Any CPU
		{DEB77CA3-5C38-489C-A225-F61B0916E1D9}.Release|Any CPU.ActiveCfg = Release|Any CPU
		{DEB77CA3-5C38-489C-A225-F61B0916E1D9}.Release|Any CPU.Build.0 = Release|Any CPU
		{123C9B7A-1ED3-4E01-80F0-96C14807D391}.Debug|Any CPU.ActiveCfg = Debug|Any CPU
		{123C9B7A-1ED3-4E01-80F0-96C14807D391}.Debug|Any CPU.Build.0 = Debug|Any CPU
		{123C9B7A-1ED3-4E01-80F0-96C14807D391}.Release|Any CPU.ActiveCfg = Release|Any CPU
		{123C9B7A-1ED3-4E01-80F0-96C14807D391}.Release|Any CPU.Build.0 = Release|Any CPU
	EndGlobalSection
	GlobalSection(SolutionProperties) = preSolution
		HideSolutionNode = FALSE
	EndGlobalSection
	GlobalSection(ExtensibilityGlobals) = postSolution
		SolutionGuid = {7E02C77F-5AFD-4691-BE4D-B01427CA6291}
	EndGlobalSection
EndGlobal
